
Microsoft Visual Studio Solution File, Format Version 12.00
# Visual Studio Version 16
VisualStudioVersion = 16.0.32002.261
MinimumVisualStudioVersion = 10.0.40219.1
Project("{FAE04EC0-301F-11D3-BF4B-00C04F79EFBC}") = "WebApiDemo-2", "WebApiDemo-2\WebApiDemo-2.csproj", "{1218A41F-6805-4A2B-82B7-46BFA710E1C5}"
EndProject
Global
	GlobalSection(SolutionConfigurationPlatforms) = preSolution
		Debug|Any CPU = Debug|Any CPU
		Release|Any CPU = Release|Any CPU
	EndGlobalSection
	GlobalSection(ProjectConfigurationPlatforms) = postSolution
		{1218A41F-6805-4A2B-82B7-46BFA710E1C5}.Debug|Any CPU.ActiveCfg = Debug|Any CPU
		{1218A41F-6805-4A2B-82B7-46BFA710E1C5}.Debug|Any CPU.Build.0 = Debug|Any CPU
		{1218A41F-6805-4A2B-82B7-46BFA710E1C5}.Release|Any CPU.ActiveCfg = Release|Any CPU
		{1218A41F-6805-4A2B-82B7-46BFA710E1C5}.Release|Any CPU.Build.0 = Release|Any CPU
	EndGlobalSection
	GlobalSection(SolutionProperties) = preSolution
		HideSolutionNode = FALSE
	EndGlobalSection
	GlobalSection(ExtensibilityGlobals) = postSolution
		SolutionGuid = {60BD37BB-5CE7-4C07-AC56-A9E612105EC8}
	EndGlobalSection
EndGlobal
